
Microsoft Visual Studio Solution File, Format Version 12.00
# Visual Studio 15
VisualStudioVersion = 15.0.28307.1259
MinimumVisualStudioVersion = 10.0.40219.1
Project("{FAE04EC0-301F-11D3-BF4B-00C04F79EFBC}") = "Multiples3And5", "Multiples3And5\Multiples3And5.csproj", "{2BC81102-B4F8-4C1E-9D51-B00574AB6B58}"
EndProject
Project("{FAE04EC0-301F-11D3-BF4B-00C04F79EFBC}") = "FibonacciEvenSum", "FibonacciEvenSum\FibonacciEvenSum.csproj", "{3F52CB72-394E-4067-8A53-3AF8211E133B}"
EndProject
Project("{FAE04EC0-301F-11D3-BF4B-00C04F79EFBC}") = "TenDigitFibonacci", "TenDigitFibonacci\TenDigitFibonacci.csproj", "{A98091F7-460F-48C1-BAA2-0E02996D64C9}"
EndProject
Global
	GlobalSection(SolutionConfigurationPlatforms) = preSolution
		Debug|Any CPU = Debug|Any CPU
		Release|Any CPU = Release|Any CPU
	EndGlobalSection
	GlobalSection(ProjectConfigurationPlatforms) = postSolution
		{2BC81102-B4F8-4C1E-9D51-B00574AB6B58}.Debug|Any CPU.ActiveCfg = Debug|Any CPU
		{2BC81102-B4F8-4C1E-9D51-B00574AB6B58}.Debug|Any CPU.Build.0 = Debug|Any CPU
		{2BC81102-B4F8-4C1E-9D51-B00574AB6B58}.Release|Any CPU.ActiveCfg = Release|Any CPU
		{2BC81102-B4F8-4C1E-9D51-B00574AB6B58}.Release|Any CPU.Build.0 = Release|Any CPU
		{3F52CB72-394E-4067-8A53-3AF8211E133B}.Debug|Any CPU.ActiveCfg = Debug|Any CPU
		{3F52CB72-394E-4067-8A53-3AF8211E133B}.Debug|Any CPU.Build.0 = Debug|Any CPU
		{3F52CB72-394E-4067-8A53-3AF8211E133B}.Release|Any CPU.ActiveCfg = Release|Any CPU
		{3F52CB72-394E-4067-8A53-3AF8211E133B}.Release|Any CPU.Build.0 = Release|Any CPU
		{A98091F7-460F-48C1-BAA2-0E02996D64C9}.Debug|Any CPU.ActiveCfg = Debug|Any CPU
		{A98091F7-460F-48C1-BAA2-0E02996D64C9}.Debug|Any CPU.Build.0 = Debug|Any CPU
		{A98091F7-460F-48C1-BAA2-0E02996D64C9}.Release|Any CPU.ActiveCfg = Release|Any CPU
		{A98091F7-460F-48C1-BAA2-0E02996D64C9}.Release|Any CPU.Build.0 = Release|Any CPU
	EndGlobalSection
	GlobalSection(SolutionProperties) = preSolution
		HideSolutionNode = FALSE
	EndGlobalSection
	GlobalSection(ExtensibilityGlobals) = postSolution
		SolutionGuid = {DFC8D8CF-EB0F-4A20-814B-F98EF20F82C6}
	EndGlobalSection
EndGlobal
